
Microsoft Visual Studio Solution File, Format Version 12.00
# Visual Studio Version 17
VisualStudioVersion = 17.0.32112.339
MinimumVisualStudioVersion = 10.0.40219.1
Project("{9A19103F-16F7-4668-BE54-9A1E7A4F7556}") = "Exercicio01", "Lista01_AcadDoProgr.ConsoleApp\Exercicio01.csproj", "{6EC4EB19-CE0C-4D91-A977-43CE161DC20A}"
EndProject
Project("{9A19103F-16F7-4668-BE54-9A1E7A4F7556}") = "Exercicio02", "Exercicio2\Exercicio02.csproj", "{4CC60EDE-F50B-4BAB-BA42-A7F131583CEF}"
EndProject
Project("{9A19103F-16F7-4668-BE54-9A1E7A4F7556}") = "Exercicio03", "Exercicio3\Exercicio03.csproj", "{CFCD468B-903A-46D9-A0E7-97295951AE5B}"
EndProject
Project("{9A19103F-16F7-4668-BE54-9A1E7A4F7556}") = "Exercicio04", "Exercicio4\Exercicio04.csproj", "{AB880289-2725-4F49-9981-0174092DEC9F}"
EndProject
Project("{9A19103F-16F7-4668-BE54-9A1E7A4F7556}") = "Exercicio05", "Exercicio5\Exercicio05.csproj", "{FC6AC1BF-D3FB-48A1-93F6-9A1C1CED3418}"
EndProject
Global
	GlobalSection(SolutionConfigurationPlatforms) = preSolution
		Debug|Any CPU = Debug|Any CPU
		Release|Any CPU = Release|Any CPU
	EndGlobalSection
	GlobalSection(ProjectConfigurationPlatforms) = postSolution
		{6EC4EB19-CE0C-4D91-A977-43CE161DC20A}.Debug|Any CPU.ActiveCfg = Debug|Any CPU
		{6EC4EB19-CE0C-4D91-A977-43CE161DC20A}.Debug|Any CPU.Build.0 = Debug|Any CPU
		{6EC4EB19-CE0C-4D91-A977-43CE161DC20A}.Release|Any CPU.ActiveCfg = Release|Any CPU
		{6EC4EB19-CE0C-4D91-A977-43CE161DC20A}.Release|Any CPU.Build.0 = Release|Any CPU
		{4CC60EDE-F50B-4BAB-BA42-A7F131583CEF}.Debug|Any CPU.ActiveCfg = Debug|Any CPU
		{4CC60EDE-F50B-4BAB-BA42-A7F131583CEF}.Debug|Any CPU.Build.0 = Debug|Any CPU
		{4CC60EDE-F50B-4BAB-BA42-A7F131583CEF}.Release|Any CPU.ActiveCfg = Release|Any CPU
		{4CC60EDE-F50B-4BAB-BA42-A7F131583CEF}.Release|Any CPU.Build.0 = Release|Any CPU
		{CFCD468B-903A-46D9-A0E7-97295951AE5B}.Debug|Any CPU.ActiveCfg = Debug|Any CPU
		{CFCD468B-903A-46D9-A0E7-97295951AE5B}.Debug|Any CPU.Build.0 = Debug|Any CPU
		{CFCD468B-903A-46D9-A0E7-97295951AE5B}.Release|Any CPU.ActiveCfg = Release|Any CPU
		{CFCD468B-903A-46D9-A0E7-97295951AE5B}.Release|Any CPU.Build.0 = Release|Any CPU
		{AB880289-2725-4F49-9981-0174092DEC9F}.Debug|Any CPU.ActiveCfg = Debug|Any CPU
		{AB880289-2725-4F49-9981-0174092DEC9F}.Debug|Any CPU.Build.0 = Debug|Any CPU
		{AB880289-2725-4F49-9981-0174092DEC9F}.Release|Any CPU.ActiveCfg = Release|Any CPU
		{AB880289-2725-4F49-9981-0174092DEC9F}.Release|Any CPU.Build.0 = Release|Any CPU
		{FC6AC1BF-D3FB-48A1-93F6-9A1C1CED3418}.Debug|Any CPU.ActiveCfg = Debug|Any CPU
		{FC6AC1BF-D3FB-48A1-93F6-9A1C1CED3418}.Debug|Any CPU.Build.0 = Debug|Any CPU
		{FC6AC1BF-D3FB-48A1-93F6-9A1C1CED3418}.Release|Any CPU.ActiveCfg = Release|Any CPU
		{FC6AC1BF-D3FB-48A1-93F6-9A1C1CED3418}.Release|Any CPU.Build.0 = Release|Any CPU
	EndGlobalSection
	GlobalSection(SolutionProperties) = preSolution
		HideSolutionNode = FALSE
	EndGlobalSection
	GlobalSection(ExtensibilityGlobals) = postSolution
		SolutionGuid = {3427D097-003B-45B6-934B-49CAC39A154B}
	EndGlobalSection
EndGlobal
